
Microsoft Visual Studio Solution File, Format Version 12.00
# Visual Studio Version 17
VisualStudioVersion = 17.2.32630.192
MinimumVisualStudioVersion = 10.0.40219.1
Project("{FAE04EC0-301F-11D3-BF4B-00C04F79EFBC}") = "15ContactsApp", "15ContactsApp\15ContactsApp.csproj", "{250F28DE-4735-4B67-8C8B-361A8563E7D4}"
EndProject
Global
	GlobalSection(SolutionConfigurationPlatforms) = preSolution
		Debug|Any CPU = Debug|Any CPU
		Release|Any CPU = Release|Any CPU
	EndGlobalSection
	GlobalSection(ProjectConfigurationPlatforms) = postSolution
		{250F28DE-4735-4B67-8C8B-361A8563E7D4}.Debug|Any CPU.ActiveCfg = Debug|Any CPU
		{250F28DE-4735-4B67-8C8B-361A8563E7D4}.Debug|Any CPU.Build.0 = Debug|Any CPU
		{250F28DE-4735-4B67-8C8B-361A8563E7D4}.Release|Any CPU.ActiveCfg = Release|Any CPU
		{250F28DE-4735-4B67-8C8B-361A8563E7D4}.Release|Any CPU.Build.0 = Release|Any CPU
	EndGlobalSection
	GlobalSection(SolutionProperties) = preSolution
		HideSolutionNode = FALSE
	EndGlobalSection
	GlobalSection(ExtensibilityGlobals) = postSolution
		SolutionGuid = {0A273182-76AA-420D-A0A9-19B977845CC6}
	EndGlobalSection
EndGlobal
